// !$*UTF8*$!
{
	archiveVersion = 1;
	classes = {
	};
	objectVersion = 50;
	objects = {

/* Begin PBXBuildFile section */
		E31199812662B59E0004EB8B /* AppDelegate.swift in Sources */ = {isa = PBXBuildFile; fileRef = E31199802662B59E0004EB8B /* AppDelegate.swift */; };
		E31199832662B59E0004EB8B /* SceneDelegate.swift in Sources */ = {isa = PBXBuildFile; fileRef = E31199822662B59E0004EB8B /* SceneDelegate.swift */; };
		E31199852662B59E0004EB8B /* ViewController.swift in Sources */ = {isa = PBXBuildFile; fileRef = E31199842662B59E0004EB8B /* ViewController.swift */; };
		E31199882662B59E0004EB8B /* Main.storyboard in Resources */ = {isa = PBXBuildFile; fileRef = E31199862662B59E0004EB8B /* Main.storyboard */; };
		E311998A2662B5A40004EB8B /* Assets.xcassets in Resources */ = {isa = PBXBuildFile; fileRef = E31199892662B5A40004EB8B /* Assets.xcassets */; };
		E311998D2662B5A40004EB8B /* LaunchScreen.storyboard in Resources */ = {isa = PBXBuildFile; fileRef = E311998B2662B5A40004EB8B /* LaunchScreen.storyboard */; };
		E31199962662B5DA0004EB8B /* NetworkAPI.swift in Sources */ = {isa = PBXBuildFile; fileRef = E31199952662B5DA0004EB8B /* NetworkAPI.swift */; };
		E31199992662BB780004EB8B /* CryptoTableViewCell.swift in Sources */ = {isa = PBXBuildFile; fileRef = E31199982662BB780004EB8B /* CryptoTableViewCell.swift */; };
		E311999C2662C0E60004EB8B /* CryptoModel.swift in Sources */ = {isa = PBXBuildFile; fileRef = E311999B2662C0E60004EB8B /* CryptoModel.swift */; };
		E33844F92663B98B008E1EED /* IconModel.swift in Sources */ = {isa = PBXBuildFile; fileRef = E33844F82663B98B008E1EED /* IconModel.swift */; };
		E33844FC2663BA98008E1EED /* CryptoTableViewCellViewModel.swift in Sources */ = {isa = PBXBuildFile; fileRef = E33844FB2663BA98008E1EED /* CryptoTableViewCellViewModel.swift */; };
/* End PBXBuildFile section */

/* Begin PBXFileReference section */
		E311997D2662B59E0004EB8B /* CoinTracker.app */ = {isa = PBXFileReference; explicitFileType = wrapper.application; includeInIndex = 0; path = CoinTracker.app; sourceTree = BUILT_PRODUCTS_DIR; };
		E31199802662B59E0004EB8B /* AppDelegate.swift */ = {isa = PBXFileReference; lastKnownFileType = sourcecode.swift; path = AppDelegate.swift; sourceTree = "<group>"; };
		E31199822662B59E0004EB8B /* SceneDelegate.swift */ = {isa = PBXFileReference; lastKnownFileType = sourcecode.swift; path = SceneDelegate.swift; sourceTree = "<group>"; };
		E31199842662B59E0004EB8B /* ViewController.swift */ = {isa = PBXFileReference; lastKnownFileType = sourcecode.swift; path = ViewController.swift; sourceTree = "<group>"; };
		E31199872662B59E0004EB8B /* Base */ = {isa = PBXFileReference; lastKnownFileType = file.storyboard; name = Base; path = Base.lproj/Main.storyboard; sourceTree = "<group>"; };
		E31199892662B5A40004EB8B /* Assets.xcassets */ = {isa = PBXFileReference; lastKnownFileType = folder.assetcatalog; path = Assets.xcassets; sourceTree = "<group>"; };
		E311998C2662B5A40004EB8B /* Base */ = {isa = PBXFileReference; lastKnownFileType = file.storyboard; name = Base; path = Base.lproj/LaunchScreen.storyboard; sourceTree = "<group>"; };
		E311998E2662B5A40004EB8B /* Info.plist */ = {isa = PBXFileReference; lastKnownFileType = text.plist.xml; path = Info.plist; sourceTree = "<group>"; };
		E31199952662B5DA0004EB8B /* NetworkAPI.swift */ = {isa = PBXFileReference; lastKnownFileType = sourcecode.swift; path = NetworkAPI.swift; sourceTree = "<group>"; };
		E31199982662BB780004EB8B /* CryptoTableViewCell.swift */ = {isa = PBXFileReference; lastKnownFileType = sourcecode.swift; path = CryptoTableViewCell.swift; sourceTree = "<group>"; };
		E311999B2662C0E60004EB8B /* CryptoModel.swift */ = {isa = PBXFileReference; lastKnownFileType = sourcecode.swift; path = CryptoModel.swift; sourceTree = "<group>"; };
		E33844F82663B98B008E1EED /* IconModel.swift */ = {isa = PBXFileReference; lastKnownFileType = sourcecode.swift; path = IconModel.swift; sourceTree = "<group>"; };
		E33844FB2663BA98008E1EED /* CryptoTableViewCellViewModel.swift */ = {isa = PBXFileReference; lastKnownFileType = sourcecode.swift; path = CryptoTableViewCellViewModel.swift; sourceTree = "<group>"; };
/* End PBXFileReference section */

/* Begin PBXFrameworksBuildPhase section */
		E311997A2662B59E0004EB8B /* Frameworks */ = {
			isa = PBXFrameworksBuildPhase;
			buildActionMask = 2147483647;
			files = (
			);
			runOnlyForDeploymentPostprocessing = 0;
		};
/* End PBXFrameworksBuildPhase section */

/* Begin PBXGroup section */
		E31199742662B59E0004EB8B = {
			isa = PBXGroup;
			children = (
				E311997F2662B59E0004EB8B /* CoinTracker */,
				E311997E2662B59E0004EB8B /* Products */,
			);
			sourceTree = "<group>";
		};
		E311997E2662B59E0004EB8B /* Products */ = {
			isa = PBXGroup;
			children = (
				E311997D2662B59E0004EB8B /* CoinTracker.app */,
			);
			name = Products;
			sourceTree = "<group>";
		};
		E311997F2662B59E0004EB8B /* CoinTracker */ = {
			isa = PBXGroup;
			children = (
				E31199802662B59E0004EB8B /* AppDelegate.swift */,
				E31199822662B59E0004EB8B /* SceneDelegate.swift */,
				E31199842662B59E0004EB8B /* ViewController.swift */,
				E31199862662B59E0004EB8B /* Main.storyboard */,
				E31199892662B5A40004EB8B /* Assets.xcassets */,
				E311998B2662B5A40004EB8B /* LaunchScreen.storyboard */,
				E311998E2662B5A40004EB8B /* Info.plist */,
				E31199952662B5DA0004EB8B /* NetworkAPI.swift */,
				E31199982662BB780004EB8B /* CryptoTableViewCell.swift */,
				E33844FB2663BA98008E1EED /* CryptoTableViewCellViewModel.swift */,
				E311999B2662C0E60004EB8B /* CryptoModel.swift */,
				E33844F82663B98B008E1EED /* IconModel.swift */,
			);
			path = CoinTracker;
			sourceTree = "<group>";
		};
/* End PBXGroup section */

/* Begin PBXNativeTarget section */
		E311997C2662B59E0004EB8B /* CoinTracker */ = {
			isa = PBXNativeTarget;
			buildConfigurationList = E31199912662B5A40004EB8B /* Build configuration list for PBXNativeTarget "CoinTracker" */;
			buildPhases = (
				E31199792662B59E0004EB8B /* Sources */,
				E311997A2662B59E0004EB8B /* Frameworks */,
				E311997B2662B59E0004EB8B /* Resources */,
			);
			buildRules = (
			);
			dependencies = (
			);
			name = CoinTracker;
			productName = CoinTracker;
			productReference = E311997D2662B59E0004EB8B /* CoinTracker.app */;
			productType = "com.apple.product-type.application";
		};
/* End PBXNativeTarget section */

/* Begin PBXProject section */
		E31199752662B59E0004EB8B /* Project object */ = {
			isa = PBXProject;
			attributes = {
				LastSwiftUpdateCheck = 1210;
				LastUpgradeCheck = 1210;
				TargetAttributes = {
					E311997C2662B59E0004EB8B = {
						CreatedOnToolsVersion = 12.1;
					};
				};
			};
			buildConfigurationList = E31199782662B59E0004EB8B /* Build configuration list for PBXProject "CoinTracker" */;
			compatibilityVersion = "Xcode 9.3";
			developmentRegion = en;
			hasScannedForEncodings = 0;
			knownRegions = (
				en,
				Base,
			);
			mainGroup = E31199742662B59E0004EB8B;
			productRefGroup = E311997E2662B59E0004EB8B /* Products */;
			projectDirPath = "";
			projectRoot = "";
			targets = (
				E311997C2662B59E0004EB8B /* CoinTracker */,
			);
		};
/* End PBXProject section */

/* Begin PBXResourcesBuildPhase section */
		E311997B2662B59E0004EB8B /* Resources */ = {
			isa = PBXResourcesBuildPhase;
			buildActionMask = 2147483647;
			files = (
				E311998D2662B5A40004EB8B /* LaunchScreen.storyboard in Resources */,
				E311998A2662B5A40004EB8B /* Assets.xcassets in Resources */,
				E31199882662B59E0004EB8B /* Main.storyboard in Resources */,
			);
			runOnlyForDeploymentPostprocessing = 0;
		};
/* End PBXResourcesBuildPhase section */

/* Begin PBXSourcesBuildPhase section */
		E31199792662B59E0004EB8B /* Sources */ = {
			isa = PBXSourcesBuildPhase;
			buildActionMask = 2147483647;
			files = (
				E311999C2662C0E60004EB8B /* CryptoModel.swift in Sources */,
				E33844FC2663BA98008E1EED /* CryptoTableViewCellViewModel.swift in Sources */,
				E33844F92663B98B008E1EED /* IconModel.swift in Sources */,
				E31199852662B59E0004EB8B /* ViewController.swift in Sources */,
				E31199812662B59E0004EB8B /* AppDelegate.swift in Sources */,
				E31199832662B59E0004EB8B /* SceneDelegate.swift in Sources */,
				E31199962662B5DA0004EB8B /* NetworkAPI.swift in Sources */,
				E31199992662BB780004EB8B /* CryptoTableViewCell.swift in Sources */,
			);
			runOnlyForDeploymentPostprocessing = 0;
		};
/* End PBXSourcesBuildPhase section */

/* Begin PBXVariantGroup section */
		E31199862662B59E0004EB8B /* Main.storyboard */ = {
			isa = PBXVariantGroup;
			children = (
				E31199872662B59E0004EB8B /* Base */,
			);
			name = Main.storyboard;
			sourceTree = "<group>";
		};
		E311998B2662B5A40004EB8B /* LaunchScreen.storyboard */ = {
			isa = PBXVariantGroup;
			children = (
				E311998C2662B5A40004EB8B /* Base */,
			);
			name = LaunchScreen.storyboard;
			sourceTree = "<group>";
		};
/* End PBXVariantGroup section */

/* Begin XCBuildConfiguration section */
		E311998F2662B5A40004EB8B /* Debug */ = {
			isa = XCBuildConfiguration;
			buildSettings = {
				ALWAYS_SEARCH_USER_PATHS = NO;
				CLANG_ANALYZER_NONNULL = YES;
				CLANG_ANALYZER_NUMBER_OBJECT_CONVERSION = YES_AGGRESSIVE;
				CLANG_CXX_LANGUAGE_STANDARD = "gnu++14";
				CLANG_CXX_LIBRARY = "libc++";
				CLANG_ENABLE_MODULES = YES;
				CLANG_ENABLE_OBJC_ARC = YES;
				CLANG_ENABLE_OBJC_WEAK = YES;
				CLANG_WARN_BLOCK_CAPTURE_AUTORELEASING = YES;
				CLANG_WARN_BOOL_CONVERSION = YES;
				CLANG_WARN_COMMA = YES;
				CLANG_WARN_CONSTANT_CONVERSION = YES;
				CLANG_WARN_DEPRECATED_OBJC_IMPLEMENTATIONS = YES;
				CLANG_WARN_DIRECT_OBJC_ISA_USAGE = YES_ERROR;
				CLANG_WARN_DOCUMENTATION_COMMENTS = YES;
				CLANG_WARN_EMPTY_BODY = YES;
				CLANG_WARN_ENUM_CONVERSION = YES;
				CLANG_WARN_INFINITE_RECURSION = YES;
				CLANG_WARN_INT_CONVERSION = YES;
				CLANG_WARN_NON_LITERAL_NULL_CONVERSION = YES;
				CLANG_WARN_OBJC_IMPLICIT_RETAIN_SELF = YES;
				CLANG_WARN_OBJC_LITERAL_CONVERSION = YES;
				CLANG_WARN_OBJC_ROOT_CLASS = YES_ERROR;
				CLANG_WARN_QUOTED_INCLUDE_IN_FRAMEWORK_HEADER = YES;
				CLANG_WARN_RANGE_LOOP_ANALYSIS = YES;
				CLANG_WARN_STRICT_PROTOTYPES = YES;
				CLANG_WARN_SUSPICIOUS_MOVE = YES;
				CLANG_WARN_UNGUARDED_AVAILABILITY = YES_AGGRESSIVE;
				CLANG_WARN_UNREACHABLE_CODE = YES;
				CLANG_WARN__DUPLICATE_METHOD_MATCH = YES;
				COPY_PHASE_STRIP = NO;
				DEBUG_INFORMATION_FORMAT = dwarf;
				ENABLE_STRICT_OBJC_MSGSEND = YES;
				ENABLE_TESTABILITY = YES;
				GCC_C_LANGUAGE_STANDARD = gnu11;
				GCC_DYNAMIC_NO_PIC = NO;
				GCC_NO_COMMON_BLOCKS = YES;
				GCC_OPTIMIZATION_LEVEL = 0;
				GCC_PREPROCESSOR_DEFINITIONS = (
					"DEBUG=1",
					"$(inherited)",
				);
				GCC_WARN_64_TO_32_BIT_CONVERSION = YES;
				GCC_WARN_ABOUT_RETURN_TYPE = YES_ERROR;
				GCC_WARN_UNDECLARED_SELECTOR = YES;
				GCC_WARN_UNINITIALIZED_AUTOS = YES_AGGRESSIVE;
				GCC_WARN_UNUSED_FUNCTION = YES;
				GCC_WARN_UNUSED_VARIABLE = YES;
				IPHONEOS_DEPLOYMENT_TARGET = 14.1;
				MTL_ENABLE_DEBUG_INFO = INCLUDE_SOURCE;
				MTL_FAST_MATH = YES;
				ONLY_ACTIVE_ARCH = YES;
				SDKROOT = iphoneos;
				SWIFT_ACTIVE_COMPILATION_CONDITIONS = DEBUG;
				SWIFT_OPTIMIZATION_LEVEL = "-Onone";
			};
			name = Debug;
		};
		E31199902662B5A40004EB8B /* Release */ = {
			isa = XCBuildConfiguration;
			buildSettings = {
				ALWAYS_SEARCH_USER_PATHS = NO;
				CLANG_ANALYZER_NONNULL = YES;
				CLANG_ANALYZER_NUMBER_OBJECT_CONVERSION = YES_AGGRESSIVE;
				CLANG_CXX_LANGUAGE_STANDARD = "gnu++14";
				CLANG_CXX_LIBRARY = "libc++";
				CLANG_ENABLE_MODULES = YES;
				CLANG_ENABLE_OBJC_ARC = YES;
				CLANG_ENABLE_OBJC_WEAK = YES;
				CLANG_WARN_BLOCK_CAPTURE_AUTORELEASING = YES;
				CLANG_WARN_BOOL_CONVERSION = YES;
				CLANG_WARN_COMMA = YES;
				CLANG_WARN_CONSTANT_CONVERSION = YES;
				CLANG_WARN_DEPRECATED_OBJC_IMPLEMENTATIONS = YES;
				CLANG_WARN_DIRECT_OBJC_ISA_USAGE = YES_ERROR;
				CLANG_WARN_DOCUMENTATION_COMMENTS = YES;
				CLANG_WARN_EMPTY_BODY = YES;
				CLANG_WARN_ENUM_CONVERSION = YES;
				CLANG_WARN_INFINITE_RECURSION = YES;
				CLANG_WARN_INT_CONVERSION = YES;
				CLANG_WARN_NON_LITERAL_NULL_CONVERSION = YES;
				CLANG_WARN_OBJC_IMPLICIT_RETAIN_SELF = YES;
				CLANG_WARN_OBJC_LITERAL_CONVERSION = YES;
				CLANG_WARN_OBJC_ROOT_CLASS = YES_ERROR;
				CLANG_WARN_QUOTED_INCLUDE_IN_FRAMEWORK_HEADER = YES;
				CLANG_WARN_RANGE_LOOP_ANALYSIS = YES;
				CLANG_WARN_STRICT_PROTOTYPES = YES;
				CLANG_WARN_SUSPICIOUS_MOVE = YES;
				CLANG_WARN_UNGUARDED_AVAILABILITY = YES_AGGRESSIVE;
				CLANG_WARN_UNREACHABLE_CODE = YES;
				CLANG_WARN__DUPLICATE_METHOD_MATCH = YES;
				COPY_PHASE_STRIP = NO;
				DEBUG_INFORMATION_FORMAT = "dwarf-with-dsym";
				ENABLE_NS_ASSERTIONS = NO;
				ENABLE_STRICT_OBJC_MSGSEND = YES;
				GCC_C_LANGUAGE_STANDARD = gnu11;
				GCC_NO_COMMON_BLOCKS = YES;
				GCC_WARN_64_TO_32_BIT_CONVERSION = YES;
				GCC_WARN_ABOUT_RETURN_TYPE = YES_ERROR;
				GCC_WARN_UNDECLARED_SELECTOR = YES;
				GCC_WARN_UNINITIALIZED_AUTOS = YES_AGGRESSIVE;
				GCC_WARN_UNUSED_FUNCTION = YES;
				GCC_WARN_UNUSED_VARIABLE = YES;
				IPHONEOS_DEPLOYMENT_TARGET = 14.1;
				MTL_ENABLE_DEBUG_INFO = NO;
				MTL_FAST_MATH = YES;
				SDKROOT = iphoneos;
				SWIFT_COMPILATION_MODE = wholemodule;
				SWIFT_OPTIMIZATION_LEVEL = "-O";
				VALIDATE_PRODUCT = YES;
			};
			name = Release;
		};
		E31199922662B5A40004EB8B /* Debug */ = {
			isa = XCBuildConfiguration;
			buildSettings = {
				ASSETCATALOG_COMPILER_APPICON_NAME = AppIcon;
				ASSETCATALOG_COMPILER_GLOBAL_ACCENT_COLOR_NAME = AccentColor;
				CODE_SIGN_STYLE = Automatic;
				DEVELOPMENT_TEAM = QPWHT9NNJD;
				INFOPLIST_FILE = CoinTracker/Info.plist;
				LD_RUNPATH_SEARCH_PATHS = (
					"$(inherited)",
					"@executable_path/Frameworks",
				);
				PRODUCT_BUNDLE_IDENTIFIER = com.ahmetguvez.CoinTracker;
				PRODUCT_NAME = "$(TARGET_NAME)";
				SWIFT_VERSION = 5.0;
				TARGETED_DEVICE_FAMILY = "1,2";
			};
			name = Debug;
		};
		E31199932662B5A40004EB8B /* Release */ = {
			isa = XCBuildConfiguration;
			buildSettings = {
				ASSETCATALOG_COMPILER_APPICON_NAME = AppIcon;
				ASSETCATALOG_COMPILER_GLOBAL_ACCENT_COLOR_NAME = AccentColor;
				CODE_SIGN_STYLE = Automatic;
				DEVELOPMENT_TEAM = QPWHT9NNJD;
				INFOPLIST_FILE = CoinTracker/Info.plist;
				LD_RUNPATH_SEARCH_PATHS = (
					"$(inherited)",
					"@executable_path/Frameworks",
				);
				PRODUCT_BUNDLE_IDENTIFIER = com.ahmetguvez.CoinTracker;
				PRODUCT_NAME = "$(TARGET_NAME)";
				SWIFT_VERSION = 5.0;
				TARGETED_DEVICE_FAMILY = "1,2";
			};
			name = Release;
		};
/* End XCBuildConfiguration section */

/* Begin XCConfigurationList section */
		E31199782662B59E0004EB8B /* Build configuration list for PBXProject "CoinTracker" */ = {
			isa = XCConfigurationList;
			buildConfigurations = (
				E311998F2662B5A40004EB8B /* Debug */,
				E31199902662B5A40004EB8B /* Release */,
			);
			defaultConfigurationIsVisible = 0;
			defaultConfigurationName = Release;
		};
		E31199912662B5A40004EB8B /* Build configuration list for PBXNativeTarget "CoinTracker" */ = {
			isa = XCConfigurationList;
			buildConfigurations = (
				E31199922662B5A40004EB8B /* Debug */,
				E31199932662B5A40004EB8B /* Release */,
			);
			defaultConfigurationIsVisible = 0;
			defaultConfigurationName = Release;
		};
/* End XCConfigurationList section */
	};
	rootObject = E31199752662B59E0004EB8B /* Project object */;
}
